// !$*UTF8*$!
{
	archiveVersion = 1;
	classes = {
	};
	objectVersion = 50;
	objects = {

/* Begin PBXBuildFile section */
		E92CDA5723EBD8D3009C1EBA /* AppDelegate.swift in Sources */ = {isa = PBXBuildFile; fileRef = E92CDA5623EBD8D3009C1EBA /* AppDelegate.swift */; };
		E92CDA5923EBD8D3009C1EBA /* SceneDelegate.swift in Sources */ = {isa = PBXBuildFile; fileRef = E92CDA5823EBD8D3009C1EBA /* SceneDelegate.swift */; };
		E92CDA5B23EBD8D3009C1EBA /* ViewController.swift in Sources */ = {isa = PBXBuildFile; fileRef = E92CDA5A23EBD8D3009C1EBA /* ViewController.swift */; };
		E92CDA5E23EBD8D3009C1EBA /* Main.storyboard in Resources */ = {isa = PBXBuildFile; fileRef = E92CDA5C23EBD8D3009C1EBA /* Main.storyboard */; };
		E92CDA6023EBD8D5009C1EBA /* Assets.xcassets in Resources */ = {isa = PBXBuildFile; fileRef = E92CDA5F23EBD8D5009C1EBA /* Assets.xcassets */; };
		E92CDA6323EBD8D5009C1EBA /* LaunchScreen.storyboard in Resources */ = {isa = PBXBuildFile; fileRef = E92CDA6123EBD8D5009C1EBA /* LaunchScreen.storyboard */; };
/* End PBXBuildFile section */

/* Begin PBXFileReference section */
		E92CDA5323EBD8D3009C1EBA /* DrawGraph.app */ = {isa = PBXFileReference; explicitFileType = wrapper.application; includeInIndex = 0; path = DrawGraph.app; sourceTree = BUILT_PRODUCTS_DIR; };
		E92CDA5623EBD8D3009C1EBA /* AppDelegate.swift */ = {isa = PBXFileReference; lastKnownFileType = sourcecode.swift; path = AppDelegate.swift; sourceTree = "<group>"; };
		E92CDA5823EBD8D3009C1EBA /* SceneDelegate.swift */ = {isa = PBXFileReference; lastKnownFileType = sourcecode.swift; path = SceneDelegate.swift; sourceTree = "<group>"; };
		E92CDA5A23EBD8D3009C1EBA /* ViewController.swift */ = {isa = PBXFileReference; lastKnownFileType = sourcecode.swift; path = ViewController.swift; sourceTree = "<group>"; };
		E92CDA5D23EBD8D3009C1EBA /* Base */ = {isa = PBXFileReference; lastKnownFileType = file.storyboard; name = Base; path = Base.lproj/Main.storyboard; sourceTree = "<group>"; };
		E92CDA5F23EBD8D5009C1EBA /* Assets.xcassets */ = {isa = PBXFileReference; lastKnownFileType = folder.assetcatalog; path = Assets.xcassets; sourceTree = "<group>"; };
		E92CDA6223EBD8D5009C1EBA /* Base */ = {isa = PBXFileReference; lastKnownFileType = file.storyboard; name = Base; path = Base.lproj/LaunchScreen.storyboard; sourceTree = "<group>"; };
		E92CDA6423EBD8D5009C1EBA /* Info.plist */ = {isa = PBXFileReference; lastKnownFileType = text.plist.xml; path = Info.plist; sourceTree = "<group>"; };
/* End PBXFileReference section */

/* Begin PBXFrameworksBuildPhase section */
		E92CDA5023EBD8D3009C1EBA /* Frameworks */ = {
			isa = PBXFrameworksBuildPhase;
			buildActionMask = 2147483647;
			files = (
			);
			runOnlyForDeploymentPostprocessing = 0;
		};
/* End PBXFrameworksBuildPhase section */

/* Begin PBXGroup section */
		E92CDA4A23EBD8D3009C1EBA = {
			isa = PBXGroup;
			children = (
				E92CDA5523EBD8D3009C1EBA /* DrawGraph */,
				E92CDA5423EBD8D3009C1EBA /* Products */,
			);
			sourceTree = "<group>";
		};
		E92CDA5423EBD8D3009C1EBA /* Products */ = {
			isa = PBXGroup;
			children = (
				E92CDA5323EBD8D3009C1EBA /* DrawGraph.app */,
			);
			name = Products;
			sourceTree = "<group>";
		};
		E92CDA5523EBD8D3009C1EBA /* DrawGraph */ = {
			isa = PBXGroup;
			children = (
				E92CDA5623EBD8D3009C1EBA /* AppDelegate.swift */,
				E92CDA5823EBD8D3009C1EBA /* SceneDelegate.swift */,
				E92CDA5A23EBD8D3009C1EBA /* ViewController.swift */,
				E92CDA5C23EBD8D3009C1EBA /* Main.storyboard */,
				E92CDA5F23EBD8D5009C1EBA /* Assets.xcassets */,
				E92CDA6123EBD8D5009C1EBA /* LaunchScreen.storyboard */,
				E92CDA6423EBD8D5009C1EBA /* Info.plist */,
			);
			path = DrawGraph;
			sourceTree = "<group>";
		};
/* End PBXGroup section */

/* Begin PBXNativeTarget section */
		E92CDA5223EBD8D3009C1EBA /* DrawGraph */ = {
			isa = PBXNativeTarget;
			buildConfigurationList = E92CDA6723EBD8D5009C1EBA /* Build configuration list for PBXNativeTarget "DrawGraph" */;
			buildPhases = (
				E92CDA4F23EBD8D3009C1EBA /* Sources */,
				E92CDA5023EBD8D3009C1EBA /* Frameworks */,
				E92CDA5123EBD8D3009C1EBA /* Resources */,
			);
			buildRules = (
			);
			dependencies = (
			);
			name = DrawGraph;
			productName = DrawGraph;
			productReference = E92CDA5323EBD8D3009C1EBA /* DrawGraph.app */;
			productType = "com.apple.product-type.application";
		};
/* End PBXNativeTarget section */

/* Begin PBXProject section */
		E92CDA4B23EBD8D3009C1EBA /* Project object */ = {
			isa = PBXProject;
			attributes = {
				LastSwiftUpdateCheck = 1130;
				LastUpgradeCheck = 1130;
				ORGANIZATIONNAME = "Võ Thanh Sang";
				TargetAttributes = {
					E92CDA5223EBD8D3009C1EBA = {
						CreatedOnToolsVersion = 11.3.1;
					};
				};
			};
			buildConfigurationList = E92CDA4E23EBD8D3009C1EBA /* Build configuration list for PBXProject "DrawGraph" */;
			compatibilityVersion = "Xcode 9.3";
			developmentRegion = en;
			hasScannedForEncodings = 0;
			knownRegions = (
				en,
				Base,
			);
			mainGroup = E92CDA4A23EBD8D3009C1EBA;
			productRefGroup = E92CDA5423EBD8D3009C1EBA /* Products */;
			projectDirPath = "";
			projectRoot = "";
			targets = (
				E92CDA5223EBD8D3009C1EBA /* DrawGraph */,
			);
		};
/* End PBXProject section */

/* Begin PBXResourcesBuildPhase section */
		E92CDA5123EBD8D3009C1EBA /* Resources */ = {
			isa = PBXResourcesBuildPhase;
			buildActionMask = 2147483647;
			files = (
				E92CDA6323EBD8D5009C1EBA /* LaunchScreen.storyboard in Resources */,
				E92CDA6023EBD8D5009C1EBA /* Assets.xcassets in Resources */,
				E92CDA5E23EBD8D3009C1EBA /* Main.storyboard in Resources */,
			);
			runOnlyForDeploymentPostprocessing = 0;
		};
/* End PBXResourcesBuildPhase section */

/* Begin PBXSourcesBuildPhase section */
		E92CDA4F23EBD8D3009C1EBA /* Sources */ = {
			isa = PBXSourcesBuildPhase;
			buildActionMask = 2147483647;
			files = (
				E92CDA5B23EBD8D3009C1EBA /* ViewController.swift in Sources */,
				E92CDA5723EBD8D3009C1EBA /* AppDelegate.swift in Sources */,
				E92CDA5923EBD8D3009C1EBA /* SceneDelegate.swift in Sources */,
			);
			runOnlyForDeploymentPostprocessing = 0;
		};
/* End PBXSourcesBuildPhase section */

/* Begin PBXVariantGroup section */
		E92CDA5C23EBD8D3009C1EBA /* Main.storyboard */ = {
			isa = PBXVariantGroup;
			children = (
				E92CDA5D23EBD8D3009C1EBA /* Base */,
			);
			name = Main.storyboard;
			sourceTree = "<group>";
		};
		E92CDA6123EBD8D5009C1EBA /* LaunchScreen.storyboard */ = {
			isa = PBXVariantGroup;
			children = (
				E92CDA6223EBD8D5009C1EBA /* Base */,
			);
			name = LaunchScreen.storyboard;
			sourceTree = "<group>";
		};
/* End PBXVariantGroup section */

/* Begin XCBuildConfiguration section */
		E92CDA6523EBD8D5009C1EBA /* Debug */ = {
			isa = XCBuildConfiguration;
			buildSettings = {
				ALWAYS_SEARCH_USER_PATHS = NO;
				CLANG_ANALYZER_NONNULL = YES;
				CLANG_ANALYZER_NUMBER_OBJECT_CONVERSION = YES_AGGRESSIVE;
				CLANG_CXX_LANGUAGE_STANDARD = "gnu++14";
				CLANG_CXX_LIBRARY = "libc++";
				CLANG_ENABLE_MODULES = YES;
				CLANG_ENABLE_OBJC_ARC = YES;
				CLANG_ENABLE_OBJC_WEAK = YES;
				CLANG_WARN_BLOCK_CAPTURE_AUTORELEASING = YES;
				CLANG_WARN_BOOL_CONVERSION = YES;
				CLANG_WARN_COMMA = YES;
				CLANG_WARN_CONSTANT_CONVERSION = YES;
				CLANG_WARN_DEPRECATED_OBJC_IMPLEMENTATIONS = YES;
				CLANG_WARN_DIRECT_OBJC_ISA_USAGE = YES_ERROR;
				CLANG_WARN_DOCUMENTATION_COMMENTS = YES;
				CLANG_WARN_EMPTY_BODY = YES;
				CLANG_WARN_ENUM_CONVERSION = YES;
				CLANG_WARN_INFINITE_RECURSION = YES;
				CLANG_WARN_INT_CONVERSION = YES;
				CLANG_WARN_NON_LITERAL_NULL_CONVERSION = YES;
				CLANG_WARN_OBJC_IMPLICIT_RETAIN_SELF = YES;
				CLANG_WARN_OBJC_LITERAL_CONVERSION = YES;
				CLANG_WARN_OBJC_ROOT_CLASS = YES_ERROR;
				CLANG_WARN_RANGE_LOOP_ANALYSIS = YES;
				CLANG_WARN_STRICT_PROTOTYPES = YES;
				CLANG_WARN_SUSPICIOUS_MOVE = YES;
				CLANG_WARN_UNGUARDED_AVAILABILITY = YES_AGGRESSIVE;
				CLANG_WARN_UNREACHABLE_CODE = YES;
				CLANG_WARN__DUPLICATE_METHOD_MATCH = YES;
				COPY_PHASE_STRIP = NO;
				DEBUG_INFORMATION_FORMAT = dwarf;
				ENABLE_STRICT_OBJC_MSGSEND = YES;
				ENABLE_TESTABILITY = YES;
				GCC_C_LANGUAGE_STANDARD = gnu11;
				GCC_DYNAMIC_NO_PIC = NO;
				GCC_NO_COMMON_BLOCKS = YES;
				GCC_OPTIMIZATION_LEVEL = 0;
				GCC_PREPROCESSOR_DEFINITIONS = (
					"DEBUG=1",
					"$(inherited)",
				);
				GCC_WARN_64_TO_32_BIT_CONVERSION = YES;
				GCC_WARN_ABOUT_RETURN_TYPE = YES_ERROR;
				GCC_WARN_UNDECLARED_SELECTOR = YES;
				GCC_WARN_UNINITIALIZED_AUTOS = YES_AGGRESSIVE;
				GCC_WARN_UNUSED_FUNCTION = YES;
				GCC_WARN_UNUSED_VARIABLE = YES;
				IPHONEOS_DEPLOYMENT_TARGET = 13.2;
				MTL_ENABLE_DEBUG_INFO = INCLUDE_SOURCE;
				MTL_FAST_MATH = YES;
				ONLY_ACTIVE_ARCH = YES;
				SDKROOT = iphoneos;
				SWIFT_ACTIVE_COMPILATION_CONDITIONS = DEBUG;
				SWIFT_OPTIMIZATION_LEVEL = "-Onone";
			};
			name = Debug;
		};
		E92CDA6623EBD8D5009C1EBA /* Release */ = {
			isa = XCBuildConfiguration;
			buildSettings = {
				ALWAYS_SEARCH_USER_PATHS = NO;
				CLANG_ANALYZER_NONNULL = YES;
				CLANG_ANALYZER_NUMBER_OBJECT_CONVERSION = YES_AGGRESSIVE;
				CLANG_CXX_LANGUAGE_STANDARD = "gnu++14";
				CLANG_CXX_LIBRARY = "libc++";
				CLANG_ENABLE_MODULES = YES;
				CLANG_ENABLE_OBJC_ARC = YES;
				CLANG_ENABLE_OBJC_WEAK = YES;
				CLANG_WARN_BLOCK_CAPTURE_AUTORELEASING = YES;
				CLANG_WARN_BOOL_CONVERSION = YES;
				CLANG_WARN_COMMA = YES;
				CLANG_WARN_CONSTANT_CONVERSION = YES;
				CLANG_WARN_DEPRECATED_OBJC_IMPLEMENTATIONS = YES;
				CLANG_WARN_DIRECT_OBJC_ISA_USAGE = YES_ERROR;
				CLANG_WARN_DOCUMENTATION_COMMENTS = YES;
				CLANG_WARN_EMPTY_BODY = YES;
				CLANG_WARN_ENUM_CONVERSION = YES;
				CLANG_WARN_INFINITE_RECURSION = YES;
				CLANG_WARN_INT_CONVERSION = YES;
				CLANG_WARN_NON_LITERAL_NULL_CONVERSION = YES;
				CLANG_WARN_OBJC_IMPLICIT_RETAIN_SELF = YES;
				CLANG_WARN_OBJC_LITERAL_CONVERSION = YES;
				CLANG_WARN_OBJC_ROOT_CLASS = YES_ERROR;
				CLANG_WARN_RANGE_LOOP_ANALYSIS = YES;
				CLANG_WARN_STRICT_PROTOTYPES = YES;
				CLANG_WARN_SUSPICIOUS_MOVE = YES;
				CLANG_WARN_UNGUARDED_AVAILABILITY = YES_AGGRESSIVE;
				CLANG_WARN_UNREACHABLE_CODE = YES;
				CLANG_WARN__DUPLICATE_METHOD_MATCH = YES;
				COPY_PHASE_STRIP = NO;
				DEBUG_INFORMATION_FORMAT = "dwarf-with-dsym";
				ENABLE_NS_ASSERTIONS = NO;
				ENABLE_STRICT_OBJC_MSGSEND = YES;
				GCC_C_LANGUAGE_STANDARD = gnu11;
				GCC_NO_COMMON_BLOCKS = YES;
				GCC_WARN_64_TO_32_BIT_CONVERSION = YES;
				GCC_WARN_ABOUT_RETURN_TYPE = YES_ERROR;
				GCC_WARN_UNDECLARED_SELECTOR = YES;
				GCC_WARN_UNINITIALIZED_AUTOS = YES_AGGRESSIVE;
				GCC_WARN_UNUSED_FUNCTION = YES;
				GCC_WARN_UNUSED_VARIABLE = YES;
				IPHONEOS_DEPLOYMENT_TARGET = 13.2;
				MTL_ENABLE_DEBUG_INFO = NO;
				MTL_FAST_MATH = YES;
				SDKROOT = iphoneos;
				SWIFT_COMPILATION_MODE = wholemodule;
				SWIFT_OPTIMIZATION_LEVEL = "-O";
				VALIDATE_PRODUCT = YES;
			};
			name = Release;
		};
		E92CDA6823EBD8D5009C1EBA /* Debug */ = {
			isa = XCBuildConfiguration;
			buildSettings = {
				ASSETCATALOG_COMPILER_APPICON_NAME = AppIcon;
				CODE_SIGN_STYLE = Automatic;
				INFOPLIST_FILE = DrawGraph/Info.plist;
				LD_RUNPATH_SEARCH_PATHS = (
					"$(inherited)",
					"@executable_path/Frameworks",
				);
				PRODUCT_BUNDLE_IDENTIFIER = com.thanhsangvo.DrawGraph;
				PRODUCT_NAME = "$(TARGET_NAME)";
				SWIFT_VERSION = 5.0;
				TARGETED_DEVICE_FAMILY = "1,2";
			};
			name = Debug;
		};
		E92CDA6923EBD8D5009C1EBA /* Release */ = {
			isa = XCBuildConfiguration;
			buildSettings = {
				ASSETCATALOG_COMPILER_APPICON_NAME = AppIcon;
				CODE_SIGN_STYLE = Automatic;
				INFOPLIST_FILE = DrawGraph/Info.plist;
				LD_RUNPATH_SEARCH_PATHS = (
					"$(inherited)",
					"@executable_path/Frameworks",
				);
				PRODUCT_BUNDLE_IDENTIFIER = com.thanhsangvo.DrawGraph;
				PRODUCT_NAME = "$(TARGET_NAME)";
				SWIFT_VERSION = 5.0;
				TARGETED_DEVICE_FAMILY = "1,2";
			};
			name = Release;
		};
/* End XCBuildConfiguration section */

/* Begin XCConfigurationList section */
		E92CDA4E23EBD8D3009C1EBA /* Build configuration list for PBXProject "DrawGraph" */ = {
			isa = XCConfigurationList;
			buildConfigurations = (
				E92CDA6523EBD8D5009C1EBA /* Debug */,
				E92CDA6623EBD8D5009C1EBA /* Release */,
			);
			defaultConfigurationIsVisible = 0;
			defaultConfigurationName = Release;
		};
		E92CDA6723EBD8D5009C1EBA /* Build configuration list for PBXNativeTarget "DrawGraph" */ = {
			isa = XCConfigurationList;
			buildConfigurations = (
				E92CDA6823EBD8D5009C1EBA /* Debug */,
				E92CDA6923EBD8D5009C1EBA /* Release */,
			);
			defaultConfigurationIsVisible = 0;
			defaultConfigurationName = Release;
		};
/* End XCConfigurationList section */
	};
	rootObject = E92CDA4B23EBD8D3009C1EBA /* Project object */;
}
